
Microsoft Visual Studio Solution File, Format Version 12.00
# Visual Studio 15
VisualStudioVersion = 15.0.27428.2015
MinimumVisualStudioVersion = 10.0.40219.1
Project("{FAE04EC0-301F-11D3-BF4B-00C04F79EFBC}") = "ApiExample", "src\Net46\ApiExample.csproj", "{E22CD4A3-06CF-4E29-A63A-FBD57FC973F2}"
EndProject
Project("{9A19103F-16F7-4668-BE54-9A1E7A4F7556}") = "DotNetCore", "src\DotNetCore\DotNetCore.csproj", "{825B4D84-C009-4F42-A74E-1A1652CD43C1}"
EndProject
Global
	GlobalSection(SolutionConfigurationPlatforms) = preSolution
		Debug|Any CPU = Debug|Any CPU
		Release|Any CPU = Release|Any CPU
	EndGlobalSection
	GlobalSection(ProjectConfigurationPlatforms) = postSolution
		{E22CD4A3-06CF-4E29-A63A-FBD57FC973F2}.Debug|Any CPU.ActiveCfg = Debug|Any CPU
		{E22CD4A3-06CF-4E29-A63A-FBD57FC973F2}.Debug|Any CPU.Build.0 = Debug|Any CPU
		{E22CD4A3-06CF-4E29-A63A-FBD57FC973F2}.Release|Any CPU.ActiveCfg = Release|Any CPU
		{E22CD4A3-06CF-4E29-A63A-FBD57FC973F2}.Release|Any CPU.Build.0 = Release|Any CPU
		{825B4D84-C009-4F42-A74E-1A1652CD43C1}.Debug|Any CPU.ActiveCfg = Debug|Any CPU
		{825B4D84-C009-4F42-A74E-1A1652CD43C1}.Debug|Any CPU.Build.0 = Debug|Any CPU
		{825B4D84-C009-4F42-A74E-1A1652CD43C1}.Release|Any CPU.ActiveCfg = Release|Any CPU
		{825B4D84-C009-4F42-A74E-1A1652CD43C1}.Release|Any CPU.Build.0 = Release|Any CPU
	EndGlobalSection
	GlobalSection(SolutionProperties) = preSolution
		HideSolutionNode = FALSE
	EndGlobalSection
	GlobalSection(ExtensibilityGlobals) = postSolution
		SolutionGuid = {590B74CC-85D4-4758-A53A-39E31C81A783}
	EndGlobalSection
EndGlobal
